PODS:
  - BlocksKit (2.2.5):
    - BlocksKit/All (= 2.2.5)
  - BlocksKit/All (2.2.5):
    - BlocksKit/Core
    - BlocksKit/DynamicDelegate
    - BlocksKit/MessageUI
    - BlocksKit/UIKit
  - BlocksKit/Core (2.2.5)
  - BlocksKit/DynamicDelegate (2.2.5)
  - BlocksKit/MessageUI (2.2.5):
    - BlocksKit/Core
    - BlocksKit/DynamicDelegate
  - BlocksKit/UIKit (2.2.5):
    - BlocksKit/Core
    - BlocksKit/DynamicDelegate
  - Kiwi (2.3.1)
  - LoremIpsum (1.0.0)
  - MagicalRecord (2.2):
    - MagicalRecord/Core (= 2.2)
  - MagicalRecord/Core (2.2)
  - Masonry (0.6.1)
  - MFSideMenu (0.5.5)
  - OCHamcrest (4.1.1)
  - OCMock (3.1.2)
  - OCMockito (1.4.0):
    - OCHamcrest (~> 4.0)
  - QuickBlox (2.0.12)
  - Reachability (3.2)

DEPENDENCIES:
  - BlocksKit
  - Kiwi
  - LoremIpsum (~> 1.0)
  - MagicalRecord
  - Masonry
  - MFSideMenu
  - OCMock
  - OCMockito
  - QuickBlox
  - Reachability

SPEC CHECKSUMS:
  BlocksKit: 4439e7f30a9f90743462ca63545a15c1f4304cef
  Kiwi: 73e1400209055ee9c8ba78c6012b6b642d0fb9f7
  LoremIpsum: a4d378ecaffcb08c7e40cdba3fb935dc41b2272c
  MagicalRecord: 2b471584fc9e3137f3d0a56967917baa4979e224
  Masonry: 2cb49fd14d203d2db5ca6bb017135b235dde9980
  MFSideMenu: 0493b0f57385dd036cc5443407a31fda6dee81ac
  OCHamcrest: af1c7c5ea345de69ea6c9c2958f65f3044e5c420
  OCMock: ecdd510b73ef397f2f97274785c1e87fd147c49f
  OCMockito: 991936bb775cc4c27f063d38f5e17b9161fbd21c
  QuickBlox: 25cdc68711e8e43c1588c23044a7eb7e787eafd4
  Reachability: 1ef8adf5c4e3d362f96515d4278f68dad3c26930

COCOAPODS: 0.35.0
